
Microsoft Visual Studio Solution File, Format Version 12.00
# Visual Studio 15
VisualStudioVersion = 15.0.27703.2035
MinimumVisualStudioVersion = 10.0.40219.1
Project("{9A19103F-16F7-4668-BE54-9A1E7A4F7556}") = "HtmlFileStripper", "HtmlFileStripper\HtmlFileStripper.csproj", "{8CF985A1-5E51-46C1-8123-02D5429943DA}"
EndProject
Project("{FAE04EC0-301F-11D3-BF4B-00C04F79EFBC}") = "HtmlFileStripperTest", "HtmlFileStripperTest\HtmlFileStripperTest.csproj", "{C34EE114-1B52-4B28-B7F3-46BD25680C09}"
EndProject
Global
	GlobalSection(SolutionConfigurationPlatforms) = preSolution
		Debug|Any CPU = Debug|Any CPU
		Release|Any CPU = Release|Any CPU
	EndGlobalSection
	GlobalSection(ProjectConfigurationPlatforms) = postSolution
		{8CF985A1-5E51-46C1-8123-02D5429943DA}.Debug|Any CPU.ActiveCfg = Debug|Any CPU
		{8CF985A1-5E51-46C1-8123-02D5429943DA}.Debug|Any CPU.Build.0 = Debug|Any CPU
		{8CF985A1-5E51-46C1-8123-02D5429943DA}.Release|Any CPU.ActiveCfg = Release|Any CPU
		{8CF985A1-5E51-46C1-8123-02D5429943DA}.Release|Any CPU.Build.0 = Release|Any CPU
		{C34EE114-1B52-4B28-B7F3-46BD25680C09}.Debug|Any CPU.ActiveCfg = Debug|Any CPU
		{C34EE114-1B52-4B28-B7F3-46BD25680C09}.Debug|Any CPU.Build.0 = Debug|Any CPU
		{C34EE114-1B52-4B28-B7F3-46BD25680C09}.Release|Any CPU.ActiveCfg = Release|Any CPU
		{C34EE114-1B52-4B28-B7F3-46BD25680C09}.Release|Any CPU.Build.0 = Release|Any CPU
	EndGlobalSection
	GlobalSection(SolutionProperties) = preSolution
		HideSolutionNode = FALSE
	EndGlobalSection
	GlobalSection(ExtensibilityGlobals) = postSolution
		SolutionGuid = {5F58532C-EF46-4985-95B1-9446628AD573}
	EndGlobalSection
EndGlobal
